{
  "requires": true,
  "lockfileVersion": 1,
  "dependencies": {
    "node-pandas": {
      "version": "1.0.5",
      "resolved": "https://registry.npmjs.org/node-pandas/-/node-pandas-1.0.5.tgz",
      "integrity": "sha512-pKp8Mk0LRk7ZHswXT40HX9nDE6LWR4figvcXOz/9k+UebDB3kXNadgex+pSGDRMDYXe+SiUh3GG/EIlmGqCHrQ=="
    }
  }
}
